
Microsoft Visual Studio Solution File, Format Version 12.00
# Visual Studio Version 17
VisualStudioVersion = 17.0.31912.275
MinimumVisualStudioVersion = 10.0.40219.1
Project("{9A19103F-16F7-4668-BE54-9A1E7A4F7556}") = "UnstableElements", "UnstableElements.csproj", "{2AF4F1FE-E909-41F3-A21F-D93C260C054F}"
EndProject
Global
	GlobalSection(SolutionConfigurationPlatforms) = preSolution
		Debug|Any CPU = Debug|Any CPU
		Release|Any CPU = Release|Any CPU
	EndGlobalSection
	GlobalSection(ProjectConfigurationPlatforms) = postSolution
		{2AF4F1FE-E909-41F3-A21F-D93C260C054F}.Debug|Any CPU.ActiveCfg = Debug|Any CPU
		{2AF4F1FE-E909-41F3-A21F-D93C260C054F}.Debug|Any CPU.Build.0 = Debug|Any CPU
		{2AF4F1FE-E909-41F3-A21F-D93C260C054F}.Release|Any CPU.ActiveCfg = Release|Any CPU
		{2AF4F1FE-E909-41F3-A21F-D93C260C054F}.Release|Any CPU.Build.0 = Release|Any CPU
	EndGlobalSection
	GlobalSection(SolutionProperties) = preSolution
		HideSolutionNode = FALSE
	EndGlobalSection
	GlobalSection(ExtensibilityGlobals) = postSolution
		SolutionGuid = {EE496B9D-9710-4AB9-884A-F38DE4CB41A8}
	EndGlobalSection
EndGlobal
